// !$*UTF8*$!
{
	archiveVersion = 1;
	classes = {
	};
	objectVersion = 56;
	objects = {

/* Begin PBXBuildFile section */
		03C17AB42C1D0BC90025066A /* Dino Game.app in Embed Watch Content */ = {isa = PBXBuildFile; fileRef = 03C17AB32C1D0BC90025066A /* Dino Game.app */; settings = {ATTRIBUTES = (RemoveHeadersOnCopy, ); }; };
		03C17AB92C1D0BC90025066A /* DinoGameApp.swift in Sources */ = {isa = PBXBuildFile; fileRef = 03C17AB82C1D0BC90025066A /* DinoGameApp.swift */; };
		03C17ABB2C1D0BC90025066A /* ContentView.swift in Sources */ = {isa = PBXBuildFile; fileRef = 03C17ABA2C1D0BC90025066A /* ContentView.swift */; };
		03C17ABD2C1D0BCB0025066A /* Assets.xcassets in Resources */ = {isa = PBXBuildFile; fileRef = 03C17ABC2C1D0BCB0025066A /* Assets.xcassets */; };
		03C17AC02C1D0BCB0025066A /* Preview Assets.xcassets in Resources */ = {isa = PBXBuildFile; fileRef = 03C17ABF2C1D0BCB0025066A /* Preview Assets.xcassets */; };
/* End PBXBuildFile section */

/* Begin PBXContainerItemProxy section */
		03C17AB52C1D0BC90025066A /* PBXContainerItemProxy */ = {
			isa = PBXContainerItemProxy;
			containerPortal = 03C17AA72C1D0BC90025066A /* Project object */;
			proxyType = 1;
			remoteGlobalIDString = 03C17AB22C1D0BC90025066A;
			remoteInfo = "DinoGame Watch App";
		};
/* End PBXContainerItemProxy section */

/* Begin PBXCopyFilesBuildPhase section */
		03C17AC62C1D0BCB0025066A /* Embed Watch Content */ = {
			isa = PBXCopyFilesBuildPhase;
			buildActionMask = 2147483647;
			dstPath = "$(CONTENTS_FOLDER_PATH)/Watch";
			dstSubfolderSpec = 16;
			files = (
				03C17AB42C1D0BC90025066A /* Dino Game.app in Embed Watch Content */,
			);
			name = "Embed Watch Content";
			runOnlyForDeploymentPostprocessing = 0;
		};
/* End PBXCopyFilesBuildPhase section */

/* Begin PBXFileReference section */
		03C17AAD2C1D0BC90025066A /* DinoGame.app */ = {isa = PBXFileReference; explicitFileType = wrapper.application; includeInIndex = 0; path = DinoGame.app; sourceTree = BUILT_PRODUCTS_DIR; };
		03C17AB32C1D0BC90025066A /* Dino Game.app */ = {isa = PBXFileReference; explicitFileType = wrapper.application; includeInIndex = 0; path = "Dino Game.app"; sourceTree = BUILT_PRODUCTS_DIR; };
		03C17AB82C1D0BC90025066A /* DinoGameApp.swift */ = {isa = PBXFileReference; lastKnownFileType = sourcecode.swift; path = DinoGameApp.swift; sourceTree = "<group>"; };
		03C17ABA2C1D0BC90025066A /* ContentView.swift */ = {isa = PBXFileReference; lastKnownFileType = sourcecode.swift; path = ContentView.swift; sourceTree = "<group>"; };
		03C17ABC2C1D0BCB0025066A /* Assets.xcassets */ = {isa = PBXFileReference; lastKnownFileType = folder.assetcatalog; path = Assets.xcassets; sourceTree = "<group>"; };
		03C17ABF2C1D0BCB0025066A /* Preview Assets.xcassets */ = {isa = PBXFileReference; lastKnownFileType = folder.assetcatalog; path = "Preview Assets.xcassets"; sourceTree = "<group>"; };
		03F9A58D2CA5D44E00F90C96 /* LICENSE.txt */ = {isa = PBXFileReference; lastKnownFileType = text; path = LICENSE.txt; sourceTree = "<group>"; };
		03F9A58E2CA5D44E00F90C96 /* README.md */ = {isa = PBXFileReference; lastKnownFileType = net.daringfireball.markdown; path = README.md; sourceTree = "<group>"; };
		03F9A58F2CA5D44E00F90C96 /* screenshot.png */ = {isa = PBXFileReference; lastKnownFileType = image.png; path = screenshot.png; sourceTree = "<group>"; };
/* End PBXFileReference section */

/* Begin PBXFrameworksBuildPhase section */
		03C17AB02C1D0BC90025066A /* Frameworks */ = {
			isa = PBXFrameworksBuildPhase;
			buildActionMask = 2147483647;
			files = (
			);
			runOnlyForDeploymentPostprocessing = 0;
		};
/* End PBXFrameworksBuildPhase section */

/* Begin PBXGroup section */
		03C17AA62C1D0BC90025066A = {
			isa = PBXGroup;
			children = (
				03F9A58D2CA5D44E00F90C96 /* LICENSE.txt */,
				03F9A58E2CA5D44E00F90C96 /* README.md */,
				03F9A58F2CA5D44E00F90C96 /* screenshot.png */,
				03C17AB72C1D0BC90025066A /* DinoGame Watch App */,
				03C17AAE2C1D0BC90025066A /* Products */,
			);
			sourceTree = "<group>";
		};
		03C17AAE2C1D0BC90025066A /* Products */ = {
			isa = PBXGroup;
			children = (
				03C17AAD2C1D0BC90025066A /* DinoGame.app */,
				03C17AB32C1D0BC90025066A /* Dino Game.app */,
			);
			name = Products;
			sourceTree = "<group>";
		};
		03C17AB72C1D0BC90025066A /* DinoGame Watch App */ = {
			isa = PBXGroup;
			children = (
				03C17AB82C1D0BC90025066A /* DinoGameApp.swift */,
				03C17ABA2C1D0BC90025066A /* ContentView.swift */,
				03C17ABC2C1D0BCB0025066A /* Assets.xcassets */,
				03C17ABE2C1D0BCB0025066A /* Preview Content */,
			);
			path = "DinoGame Watch App";
			sourceTree = "<group>";
		};
		03C17ABE2C1D0BCB0025066A /* Preview Content */ = {
			isa = PBXGroup;
			children = (
				03C17ABF2C1D0BCB0025066A /* Preview Assets.xcassets */,
			);
			path = "Preview Content";
			sourceTree = "<group>";
		};
/* End PBXGroup section */

/* Begin PBXNativeTarget section */
		03C17AAC2C1D0BC90025066A /* DinoGame */ = {
			isa = PBXNativeTarget;
			buildConfigurationList = 03C17AC72C1D0BCB0025066A /* Build configuration list for PBXNativeTarget "DinoGame" */;
			buildPhases = (
				03C17AAB2C1D0BC90025066A /* Resources */,
				03C17AC62C1D0BCB0025066A /* Embed Watch Content */,
			);
			buildRules = (
			);
			dependencies = (
				03C17AB62C1D0BC90025066A /* PBXTargetDependency */,
			);
			name = DinoGame;
			productName = DinoGame;
			productReference = 03C17AAD2C1D0BC90025066A /* DinoGame.app */;
			productType = "com.apple.product-type.application.watchapp2-container";
		};
		03C17AB22C1D0BC90025066A /* DinoGame Watch App */ = {
			isa = PBXNativeTarget;
			buildConfigurationList = 03C17AC32C1D0BCB0025066A /* Build configuration list for PBXNativeTarget "DinoGame Watch App" */;
			buildPhases = (
				03C17AAF2C1D0BC90025066A /* Sources */,
				03C17AB02C1D0BC90025066A /* Frameworks */,
				03C17AB12C1D0BC90025066A /* Resources */,
			);
			buildRules = (
			);
			dependencies = (
			);
			name = "DinoGame Watch App";
			productName = "DinoGame Watch App";
			productReference = 03C17AB32C1D0BC90025066A /* Dino Game.app */;
			productType = "com.apple.product-type.application";
		};
/* End PBXNativeTarget section */

/* Begin PBXProject section */
		03C17AA72C1D0BC90025066A /* Project object */ = {
			isa = PBXProject;
			attributes = {
				BuildIndependentTargetsInParallel = 1;
				LastSwiftUpdateCheck = 1540;
				LastUpgradeCheck = 1540;
				TargetAttributes = {
					03C17AAC2C1D0BC90025066A = {
						CreatedOnToolsVersion = 15.4;
					};
					03C17AB22C1D0BC90025066A = {
						CreatedOnToolsVersion = 15.4;
					};
				};
			};
			buildConfigurationList = 03C17AAA2C1D0BC90025066A /* Build configuration list for PBXProject "DinoGame" */;
			compatibilityVersion = "Xcode 14.0";
			developmentRegion = en;
			hasScannedForEncodings = 0;
			knownRegions = (
				en,
				Base,
			);
			mainGroup = 03C17AA62C1D0BC90025066A;
			productRefGroup = 03C17AAE2C1D0BC90025066A /* Products */;
			projectDirPath = "";
			projectRoot = "";
			targets = (
				03C17AAC2C1D0BC90025066A /* DinoGame */,
				03C17AB22C1D0BC90025066A /* DinoGame Watch App */,
			);
		};
/* End PBXProject section */

/* Begin PBXResourcesBuildPhase section */
		03C17AAB2C1D0BC90025066A /* Resources */ = {
			isa = PBXResourcesBuildPhase;
			buildActionMask = 2147483647;
			files = (
			);
			runOnlyForDeploymentPostprocessing = 0;
		};
		03C17AB12C1D0BC90025066A /* Resources */ = {
			isa = PBXResourcesBuildPhase;
			buildActionMask = 2147483647;
			files = (
				03C17AC02C1D0BCB0025066A /* Preview Assets.xcassets in Resources */,
				03C17ABD2C1D0BCB0025066A /* Assets.xcassets in Resources */,
			);
			runOnlyForDeploymentPostprocessing = 0;
		};
/* End PBXResourcesBuildPhase section */

/* Begin PBXSourcesBuildPhase section */
		03C17AAF2C1D0BC90025066A /* Sources */ = {
			isa = PBXSourcesBuildPhase;
			buildActionMask = 2147483647;
			files = (
				03C17ABB2C1D0BC90025066A /* ContentView.swift in Sources */,
				03C17AB92C1D0BC90025066A /* DinoGameApp.swift in Sources */,
			);
			runOnlyForDeploymentPostprocessing = 0;
		};
/* End PBXSourcesBuildPhase section */

/* Begin PBXTargetDependency section */
		03C17AB62C1D0BC90025066A /* PBXTargetDependency */ = {
			isa = PBXTargetDependency;
			target = 03C17AB22C1D0BC90025066A /* DinoGame Watch App */;
			targetProxy = 03C17AB52C1D0BC90025066A /* PBXContainerItemProxy */;
		};
/* End PBXTargetDependency section */

/* Begin XCBuildConfiguration section */
		03C17AC12C1D0BCB0025066A /* Debug */ = {
			isa = XCBuildConfiguration;
			buildSettings = {
				ALWAYS_SEARCH_USER_PATHS = NO;
				ASSETCATALOG_COMPILER_GENERATE_SWIFT_ASSET_SYMBOL_EXTENSIONS = YES;
				CLANG_ANALYZER_NONNULL = YES;
				CLANG_ANALYZER_NUMBER_OBJECT_CONVERSION = YES_AGGRESSIVE;
				CLANG_CXX_LANGUAGE_STANDARD = "gnu++20";
				CLANG_ENABLE_MODULES = YES;
				CLANG_ENABLE_OBJC_ARC = YES;
				CLANG_ENABLE_OBJC_WEAK = YES;
				CLANG_WARN_BLOCK_CAPTURE_AUTORELEASING = YES;
				CLANG_WARN_BOOL_CONVERSION = YES;
				CLANG_WARN_COMMA = YES;
				CLANG_WARN_CONSTANT_CONVERSION = YES;
				CLANG_WARN_DEPRECATED_OBJC_IMPLEMENTATIONS = YES;
				CLANG_WARN_DIRECT_OBJC_ISA_USAGE = YES_ERROR;
				CLANG_WARN_DOCUMENTATION_COMMENTS = YES;
				CLANG_WARN_EMPTY_BODY = YES;
				CLANG_WARN_ENUM_CONVERSION = YES;
				CLANG_WARN_INFINITE_RECURSION = YES;
				CLANG_WARN_INT_CONVERSION = YES;
				CLANG_WARN_NON_LITERAL_NULL_CONVERSION = YES;
				CLANG_WARN_OBJC_IMPLICIT_RETAIN_SELF = YES;
				CLANG_WARN_OBJC_LITERAL_CONVERSION = YES;
				CLANG_WARN_OBJC_ROOT_CLASS = YES_ERROR;
				CLANG_WARN_QUOTED_INCLUDE_IN_FRAMEWORK_HEADER = YES;
				CLANG_WARN_RANGE_LOOP_ANALYSIS = YES;
				CLANG_WARN_STRICT_PROTOTYPES = YES;
				CLANG_WARN_SUSPICIOUS_MOVE = YES;
				CLANG_WARN_UNGUARDED_AVAILABILITY = YES_AGGRESSIVE;
				CLANG_WARN_UNREACHABLE_CODE = YES;
				CLANG_WARN__DUPLICATE_METHOD_MATCH = YES;
				COPY_PHASE_STRIP = NO;
				DEBUG_INFORMATION_FORMAT = dwarf;
				ENABLE_STRICT_OBJC_MSGSEND = YES;
				ENABLE_TESTABILITY = YES;
				ENABLE_USER_SCRIPT_SANDBOXING = YES;
				GCC_C_LANGUAGE_STANDARD = gnu17;
				GCC_DYNAMIC_NO_PIC = NO;
				GCC_NO_COMMON_BLOCKS = YES;
				GCC_OPTIMIZATION_LEVEL = 0;
				GCC_PREPROCESSOR_DEFINITIONS = (
					"DEBUG=1",
					"$(inherited)",
				);
				GCC_WARN_64_TO_32_BIT_CONVERSION = YES;
				GCC_WARN_ABOUT_RETURN_TYPE = YES_ERROR;
				GCC_WARN_UNDECLARED_SELECTOR = YES;
				GCC_WARN_UNINITIALIZED_AUTOS = YES_AGGRESSIVE;
				GCC_WARN_UNUSED_FUNCTION = YES;
				GCC_WARN_UNUSED_VARIABLE = YES;
				IPHONEOS_DEPLOYMENT_TARGET = 16.0;
				LOCALIZATION_PREFERS_STRING_CATALOGS = YES;
				MTL_ENABLE_DEBUG_INFO = INCLUDE_SOURCE;
				MTL_FAST_MATH = YES;
				ONLY_ACTIVE_ARCH = YES;
				SWIFT_ACTIVE_COMPILATION_CONDITIONS = "DEBUG $(inherited)";
				SWIFT_OPTIMIZATION_LEVEL = "-Onone";
				WATCHOS_DEPLOYMENT_TARGET = 9.0;
			};
			name = Debug;
		};
		03C17AC22C1D0BCB0025066A /* Release */ = {
			isa = XCBuildConfiguration;
			buildSettings = {
				ALWAYS_SEARCH_USER_PATHS = NO;
				ASSETCATALOG_COMPILER_GENERATE_SWIFT_ASSET_SYMBOL_EXTENSIONS = YES;
				CLANG_ANALYZER_NONNULL = YES;
				CLANG_ANALYZER_NUMBER_OBJECT_CONVERSION = YES_AGGRESSIVE;
				CLANG_CXX_LANGUAGE_STANDARD = "gnu++20";
				CLANG_ENABLE_MODULES = YES;
				CLANG_ENABLE_OBJC_ARC = YES;
				CLANG_ENABLE_OBJC_WEAK = YES;
				CLANG_WARN_BLOCK_CAPTURE_AUTORELEASING = YES;
				CLANG_WARN_BOOL_CONVERSION = YES;
				CLANG_WARN_COMMA = YES;
				CLANG_WARN_CONSTANT_CONVERSION = YES;
				CLANG_WARN_DEPRECATED_OBJC_IMPLEMENTATIONS = YES;
				CLANG_WARN_DIRECT_OBJC_ISA_USAGE = YES_ERROR;
				CLANG_WARN_DOCUMENTATION_COMMENTS = YES;
				CLANG_WARN_EMPTY_BODY = YES;
				CLANG_WARN_ENUM_CONVERSION = YES;
				CLANG_WARN_INFINITE_RECURSION = YES;
				CLANG_WARN_INT_CONVERSION = YES;
				CLANG_WARN_NON_LITERAL_NULL_CONVERSION = YES;
				CLANG_WARN_OBJC_IMPLICIT_RETAIN_SELF = YES;
				CLANG_WARN_OBJC_LITERAL_CONVERSION = YES;
				CLANG_WARN_OBJC_ROOT_CLASS = YES_ERROR;
				CLANG_WARN_QUOTED_INCLUDE_IN_FRAMEWORK_HEADER = YES;
				CLANG_WARN_RANGE_LOOP_ANALYSIS = YES;
				CLANG_WARN_STRICT_PROTOTYPES = YES;
				CLANG_WARN_SUSPICIOUS_MOVE = YES;
				CLANG_WARN_UNGUARDED_AVAILABILITY = YES_AGGRESSIVE;
				CLANG_WARN_UNREACHABLE_CODE = YES;
				CLANG_WARN__DUPLICATE_METHOD_MATCH = YES;
				COPY_PHASE_STRIP = NO;
				DEBUG_INFORMATION_FORMAT = "dwarf-with-dsym";
				ENABLE_NS_ASSERTIONS = NO;
				ENABLE_STRICT_OBJC_MSGSEND = YES;
				ENABLE_USER_SCRIPT_SANDBOXING = YES;
				GCC_C_LANGUAGE_STANDARD = gnu17;
				GCC_NO_COMMON_BLOCKS = YES;
				GCC_WARN_64_TO_32_BIT_CONVERSION = YES;
				GCC_WARN_ABOUT_RETURN_TYPE = YES_ERROR;
				GCC_WARN_UNDECLARED_SELECTOR = YES;
				GCC_WARN_UNINITIALIZED_AUTOS = YES_AGGRESSIVE;
				GCC_WARN_UNUSED_FUNCTION = YES;
				GCC_WARN_UNUSED_VARIABLE = YES;
				IPHONEOS_DEPLOYMENT_TARGET = 16.0;
				LOCALIZATION_PREFERS_STRING_CATALOGS = YES;
				MTL_ENABLE_DEBUG_INFO = NO;
				MTL_FAST_MATH = YES;
				SWIFT_COMPILATION_MODE = wholemodule;
				WATCHOS_DEPLOYMENT_TARGET = 9.0;
			};
			name = Release;
		};
		03C17AC42C1D0BCB0025066A /* Debug */ = {
			isa = XCBuildConfiguration;
			buildSettings = {
				ASSETCATALOG_COMPILER_APPICON_NAME = AppIcon;
				ASSETCATALOG_COMPILER_GLOBAL_ACCENT_COLOR_NAME = AccentColor;
				CODE_SIGN_STYLE = Automatic;
				CURRENT_PROJECT_VERSION = 1;
				DEVELOPMENT_ASSET_PATHS = "\"DinoGame Watch App/Preview Content\"";
				DEVELOPMENT_TEAM = 44LNM8FN8U;
				ENABLE_PREVIEWS = YES;
				GENERATE_INFOPLIST_FILE = YES;
				INFOPLIST_KEY_UISupportedInterfaceOrientations = "UIInterfaceOrientationPortrait UIInterfaceOrientationPortraitUpsideDown";
				INFOPLIST_KEY_WKWatchOnly = YES;
				LD_RUNPATH_SEARCH_PATHS = (
					"$(inherited)",
					"@executable_path/Frameworks",
				);
				MARKETING_VERSION = 1.2;
				PRODUCT_BUNDLE_IDENTIFIER = ChristianLourido.DinoGame.watchkitapp;
				PRODUCT_NAME = "Dino Game";
				SDKROOT = watchos;
				SKIP_INSTALL = YES;
				SWIFT_EMIT_LOC_STRINGS = YES;
				SWIFT_VERSION = 5.0;
				TARGETED_DEVICE_FAMILY = 4;
				WATCHOS_DEPLOYMENT_TARGET = 9.0;
			};
			name = Debug;
		};
		03C17AC52C1D0BCB0025066A /* Release */ = {
			isa = XCBuildConfiguration;
			buildSettings = {
				ASSETCATALOG_COMPILER_APPICON_NAME = AppIcon;
				ASSETCATALOG_COMPILER_GLOBAL_ACCENT_COLOR_NAME = AccentColor;
				CODE_SIGN_STYLE = Automatic;
				CURRENT_PROJECT_VERSION = 1;
				DEVELOPMENT_ASSET_PATHS = "\"DinoGame Watch App/Preview Content\"";
				DEVELOPMENT_TEAM = 44LNM8FN8U;
				ENABLE_PREVIEWS = YES;
				GENERATE_INFOPLIST_FILE = YES;
				INFOPLIST_KEY_UISupportedInterfaceOrientations = "UIInterfaceOrientationPortrait UIInterfaceOrientationPortraitUpsideDown";
				INFOPLIST_KEY_WKWatchOnly = YES;
				LD_RUNPATH_SEARCH_PATHS = (
					"$(inherited)",
					"@executable_path/Frameworks",
				);
				MARKETING_VERSION = 1.2;
				PRODUCT_BUNDLE_IDENTIFIER = ChristianLourido.DinoGame.watchkitapp;
				PRODUCT_NAME = "Dino Game";
				SDKROOT = watchos;
				SKIP_INSTALL = YES;
				SWIFT_EMIT_LOC_STRINGS = YES;
				SWIFT_VERSION = 5.0;
				TARGETED_DEVICE_FAMILY = 4;
				VALIDATE_PRODUCT = YES;
				WATCHOS_DEPLOYMENT_TARGET = 9.0;
			};
			name = Release;
		};
		03C17AC82C1D0BCB0025066A /* Debug */ = {
			isa = XCBuildConfiguration;
			buildSettings = {
				ALWAYS_EMBED_SWIFT_STANDARD_LIBRARIES = YES;
				CODE_SIGN_STYLE = Automatic;
				CURRENT_PROJECT_VERSION = 1;
				DEVELOPMENT_TEAM = 44LNM8FN8U;
				INFOPLIST_KEY_CFBundleDisplayName = DinoGame;
				IPHONEOS_DEPLOYMENT_TARGET = 16.0;
				MARKETING_VERSION = 1.0;
				PRODUCT_BUNDLE_IDENTIFIER = ChristianLourido.DinoGame;
				PRODUCT_NAME = "$(TARGET_NAME)";
				SDKROOT = iphoneos;
				SWIFT_VERSION = 5.0;
			};
			name = Debug;
		};
		03C17AC92C1D0BCB0025066A /* Release */ = {
			isa = XCBuildConfiguration;
			buildSettings = {
				ALWAYS_EMBED_SWIFT_STANDARD_LIBRARIES = YES;
				CODE_SIGN_STYLE = Automatic;
				CURRENT_PROJECT_VERSION = 1;
				DEVELOPMENT_TEAM = 44LNM8FN8U;
				INFOPLIST_KEY_CFBundleDisplayName = DinoGame;
				IPHONEOS_DEPLOYMENT_TARGET = 16.0;
				MARKETING_VERSION = 1.0;
				PRODUCT_BUNDLE_IDENTIFIER = ChristianLourido.DinoGame;
				PRODUCT_NAME = "$(TARGET_NAME)";
				SDKROOT = iphoneos;
				SWIFT_VERSION = 5.0;
				VALIDATE_PRODUCT = YES;
			};
			name = Release;
		};
/* End XCBuildConfiguration section */

/* Begin XCConfigurationList section */
		03C17AAA2C1D0BC90025066A /* Build configuration list for PBXProject "DinoGame" */ = {
			isa = XCConfigurationList;
			buildConfigurations = (
				03C17AC12C1D0BCB0025066A /* Debug */,
				03C17AC22C1D0BCB0025066A /* Release */,
			);
			defaultConfigurationIsVisible = 0;
			defaultConfigurationName = Release;
		};
		03C17AC32C1D0BCB0025066A /* Build configuration list for PBXNativeTarget "DinoGame Watch App" */ = {
			isa = XCConfigurationList;
			buildConfigurations = (
				03C17AC42C1D0BCB0025066A /* Debug */,
				03C17AC52C1D0BCB0025066A /* Release */,
			);
			defaultConfigurationIsVisible = 0;
			defaultConfigurationName = Release;
		};
		03C17AC72C1D0BCB0025066A /* Build configuration list for PBXNativeTarget "DinoGame" */ = {
			isa = XCConfigurationList;
			buildConfigurations = (
				03C17AC82C1D0BCB0025066A /* Debug */,
				03C17AC92C1D0BCB0025066A /* Release */,
			);
			defaultConfigurationIsVisible = 0;
			defaultConfigurationName = Release;
		};
/* End XCConfigurationList section */
	};
	rootObject = 03C17AA72C1D0BC90025066A /* Project object */;
}
